# THIS IS AN AUTOGENERATED FILE. DO NOT EDIT THIS FILE DIRECTLY.
# yarn lockfile v1


"@ckeditor/ckeditor5-core@>=23.0.0", "@ckeditor/ckeditor5-core@^24.0.0":
  version "24.0.0"
  resolved "https://registry.yarnpkg.com/@ckeditor/ckeditor5-core/-/ckeditor5-core-24.0.0.tgz#1f031c34657cbc13a924d81258130174385d0ca7"
  integrity sha512-regUaX5oFtM5VJkZIfzge3Yg4PxKJkYSC6JcTwewJ2FJ5GB3FvH+vLEJwhAm0qisssy6HBLhXJXjDbCEHTVVCw==
  dependencies:
    "@ckeditor/ckeditor5-engine" "^24.0.0"
    "@ckeditor/ckeditor5-utils" "^24.0.0"
    lodash-es "^4.17.15"

"@ckeditor/ckeditor5-engine@^24.0.0":
  version "24.0.0"
  resolved "https://registry.yarnpkg.com/@ckeditor/ckeditor5-engine/-/ckeditor5-engine-24.0.0.tgz#316b1a3f0f80ffececb5f9d356c8bce5a57346e3"
  integrity sha512-+M/S+q5+2vuwv9oVE0dd2p3Ex0RzQiqfYJMFGmBH2Smj7RKwREYlohtx6DneMmvEbbeVyCz3eFKXgh+RkQhoAA==
  dependencies:
    "@ckeditor/ckeditor5-utils" "^24.0.0"
    lodash-es "^4.17.15"

"@ckeditor/ckeditor5-pagination@^24.0.0":
  version "24.0.0"
  resolved "https://registry.yarnpkg.com/@ckeditor/ckeditor5-pagination/-/ckeditor5-pagination-24.0.0.tgz#87573785b8169c17a06c1afbeafb88ad25267eb3"
  integrity sha512-BpLPMcMYeah4RnzNTh9avaWph0kefzUcjVAWKfO9Sga758T+gCq7r8GvlMLFtOSRFi0AhN8RjGc0Yj8HSHvsHg==
  dependencies:
    "@ckeditor/ckeditor5-core" ">=23.0.0"
    "@ckeditor/ckeditor5-ui" ">=23.0.0"
    "@ckeditor/ckeditor5-utils" ">=23.0.0"

"@ckeditor/ckeditor5-ui@>=23.0.0":
  version "24.0.0"
  resolved "https://registry.yarnpkg.com/@ckeditor/ckeditor5-ui/-/ckeditor5-ui-24.0.0.tgz#6aec366600c214aacf42bdd4718daf30a2dace3f"
  integrity sha512-/HtAmJ1qLy5YVuJVfqItY6WJeY4Wqxu6SJYPCMMmm489Ky5Ea44FgINv9AF7pVnDIP7LJ+/hzFJCXQZr1Ud+jw==
  dependencies:
    "@ckeditor/ckeditor5-core" "^24.0.0"
    "@ckeditor/ckeditor5-utils" "^24.0.0"
    lodash-es "^4.17.15"

"@ckeditor/ckeditor5-utils@>=23.0.0", "@ckeditor/ckeditor5-utils@^24.0.0":
  version "24.0.0"
  resolved "https://registry.yarnpkg.com/@ckeditor/ckeditor5-utils/-/ckeditor5-utils-24.0.0.tgz#4c1e829e6712a011df60d041730c57b9c14a5a22"
  integrity sha512-m+8ZuO7Gqv5WDGnoI1Y7VA8cwCa9+26/Unth6PCBq3UvOT2ivm310YTItE8TqlP14aJk178UZj8VoMTj+V3jwQ==
  dependencies:
    lodash-es "^4.17.15"

lodash-es@^4.17.15:
  version "4.17.20"
  resolved "https://registry.yarnpkg.com/lodash-es/-/lodash-es-4.17.20.tgz#29f6332eefc60e849f869c264bc71126ad61e8f7"
  integrity sha512-JD1COMZsq8maT6mnuz1UMV0jvYD0E0aUsSOdrr1/nAG3dhqQXwRRgeW0cSqH1U43INKcqxaiVIQNOUDld7gRDA==
